
Microsoft Visual Studio Solution File, Format Version 12.00
# Visual Studio Version 17
VisualStudioVersion = 17.5.33414.496
MinimumVisualStudioVersion = 10.0.40219.1
Project("{9A19103F-16F7-4668-BE54-9A1E7A4F7556}") = "OC Seeding Project", "OC Seeding Project\OC Seeding Project.csproj", "{388F7D68-5828-497C-B14F-DDF15925B33E}"
EndProject
Global
	GlobalSection(SolutionConfigurationPlatforms) = preSolution
		Debug|Any CPU = Debug|Any CPU
		Release|Any CPU = Release|Any CPU
	EndGlobalSection
	GlobalSection(ProjectConfigurationPlatforms) = postSolution
		{388F7D68-5828-497C-B14F-DDF15925B33E}.Debug|Any CPU.ActiveCfg = Debug|Any CPU
		{388F7D68-5828-497C-B14F-DDF15925B33E}.Debug|Any CPU.Build.0 = Debug|Any CPU
		{388F7D68-5828-497C-B14F-DDF15925B33E}.Release|Any CPU.ActiveCfg = Release|Any CPU
		{388F7D68-5828-497C-B14F-DDF15925B33E}.Release|Any CPU.Build.0 = Release|Any CPU
	EndGlobalSection
	GlobalSection(SolutionProperties) = preSolution
		HideSolutionNode = FALSE
	EndGlobalSection
	GlobalSection(ExtensibilityGlobals) = postSolution
		SolutionGuid = {109F1779-A625-43CE-B1F7-B1A0E9E2A310}
	EndGlobalSection
EndGlobal
